
Microsoft Visual Studio Solution File, Format Version 12.00
# Visual Studio Version 17
VisualStudioVersion = 17.13.35913.81 d17.13
MinimumVisualStudioVersion = 10.0.40219.1
Project("{FAE04EC0-301F-11D3-BF4B-00C04F79EFBC}") = "VideoGameApi", "VideoGameApi\VideoGameApi.csproj", "{00826D83-D667-4744-9822-A7B4FF44683E}"
EndProject
Global
	GlobalSection(SolutionConfigurationPlatforms) = preSolution
		Debug|Any CPU = Debug|Any CPU
		Release|Any CPU = Release|Any CPU
	EndGlobalSection
	GlobalSection(ProjectConfigurationPlatforms) = postSolution
		{00826D83-D667-4744-9822-A7B4FF44683E}.Debug|Any CPU.ActiveCfg = Debug|Any CPU
		{00826D83-D667-4744-9822-A7B4FF44683E}.Debug|Any CPU.Build.0 = Debug|Any CPU
		{00826D83-D667-4744-9822-A7B4FF44683E}.Release|Any CPU.ActiveCfg = Release|Any CPU
		{00826D83-D667-4744-9822-A7B4FF44683E}.Release|Any CPU.Build.0 = Release|Any CPU
	EndGlobalSection
	GlobalSection(SolutionProperties) = preSolution
		HideSolutionNode = FALSE
	EndGlobalSection
	GlobalSection(ExtensibilityGlobals) = postSolution
		SolutionGuid = {95FAD960-C47E-4FCF-8CC1-D1A36AC9BE3D}
	EndGlobalSection
EndGlobal
